{
  "name": "pastell",
  "version": "3.1.0",
  "lockfileVersion": 1,
  "requires": true,
  "dependencies": {
    "@fortawesome/angular-fontawesome": {
      "version": "0.10.1",
      "resolved": "https://registry.npmjs.org/@fortawesome/angular-fontawesome/-/angular-fontawesome-0.10.1.tgz",
      "integrity": "sha512-4nVRm+NcLcdaNrNFhThb/7/tb5CDm0vQwJFyljR3XMCQyEr94hMX5SiUYbvYm9YJVImMYfdpR0lO0B8sh12Vbw==",
      "requires": {
        "tslib": "^2.3.1"
      }
    },
    "@fortawesome/fontawesome-common-types": {
      "version": "0.2.36",
      "resolved": "https://registry.npmjs.org/@fortawesome/fontawesome-common-types/-/fontawesome-common-types-0.2.36.tgz",
      "integrity": "sha512-a/7BiSgobHAgBWeN7N0w+lAhInrGxksn13uK7231n2m8EDPE3BMCl9NZLTGrj9ZXfCmC6LM0QLqXidIizVQ6yg=="
    },
    "@fortawesome/fontawesome-svg-core": {
      "version": "1.2.36",
      "resolved": "https://registry.npmjs.org/@fortawesome/fontawesome-svg-core/-/fontawesome-svg-core-1.2.36.tgz",
      "integrity": "sha512-YUcsLQKYb6DmaJjIHdDWpBIGCcyE/W+p/LMGvjQem55Mm2XWVAP5kWTMKWLv9lwpCVjpLxPyOMOyUocP1GxrtA==",
      "requires": {
        "@fortawesome/fontawesome-common-types": "^0.2.36"
      }
    },
    "@fortawesome/free-brands-svg-icons": {
      "version": "5.15.4",
      "resolved": "https://registry.npmjs.org/@fortawesome/free-brands-svg-icons/-/free-brands-svg-icons-5.15.4.tgz",
      "integrity": "sha512-f1witbwycL9cTENJegcmcZRYyawAFbm8+c6IirLmwbbpqz46wyjbQYLuxOc7weXFXfB7QR8/Vd2u5R3q6JYD9g==",
      "requires": {
        "@fortawesome/fontawesome-common-types": "^0.2.36"
      }
    },
    "@fortawesome/free-regular-svg-icons": {
      "version": "5.15.4",
      "resolved": "https://registry.npmjs.org/@fortawesome/free-regular-svg-icons/-/free-regular-svg-icons-5.15.4.tgz",
      "integrity": "sha512-9VNNnU3CXHy9XednJ3wzQp6SwNwT3XaM26oS4Rp391GsxVYA+0oDR2J194YCIWf7jNRCYKjUCOduxdceLrx+xw==",
      "requires": {
        "@fortawesome/fontawesome-common-types": "^0.2.36"
      }
    },
    "@fortawesome/free-solid-svg-icons": {
      "version": "5.15.4",
      "resolved": "https://registry.npmjs.org/@fortawesome/free-solid-svg-icons/-/free-solid-svg-icons-5.15.4.tgz",
      "integrity": "sha512-JLmQfz6tdtwxoihXLg6lT78BorrFyCf59SAwBM6qV/0zXyVeDygJVb3fk+j5Qat+Yvcxp1buLTY5iDh1ZSAQ8w==",
      "requires": {
        "@fortawesome/fontawesome-common-types": "^0.2.36"
      }
    },
    "@libriciel/ls-bootstrap-4": {
      "version": "0.0.292368",
      "resolved": "https://registry.npmjs.org/@libriciel/ls-bootstrap-4/-/ls-bootstrap-4-0.0.292368.tgz",
      "integrity": "sha512-jYucnJP10veFvbpa8aEHX5Eu1zJ7H2D9trBnFn/oaS+0xJeuwdxV07kLQBzKCYaeQDu0Y70pqREh14wK+Q9xVw==",
      "requires": {
        "bootstrap": "4.6.1",
        "jquery": "^3.6.0",
        "popper.js": "^1.16.1-lts"
      }
    },
    "@libriciel/ls-composants": {
      "version": "12.0.1",
      "resolved": "https://registry.npmjs.org/@libriciel/ls-composants/-/ls-composants-12.0.1.tgz",
      "integrity": "sha512-9vXzUrqeiEUL8hyc7YtHRdjE1ERDlsJH3DpOma4au/UdKtsJBoUI74nKnePc4JfBJtD7JXwGD9w4vSqGL36Omg==",
      "requires": {
        "@fortawesome/angular-fontawesome": "~0.10.1",
        "@fortawesome/fontawesome-svg-core": "^1.2.36",
        "@fortawesome/free-brands-svg-icons": "^5.15.4",
        "@fortawesome/free-regular-svg-icons": "^5.15.4",
        "@fortawesome/free-solid-svg-icons": "^5.15.4",
        "@libriciel/ls-bootstrap-4": "^0.0.292220",
        "tslib": "^2.2.0"
      },
      "dependencies": {
        "@libriciel/ls-bootstrap-4": {
          "version": "0.0.292220",
          "resolved": "https://registry.npmjs.org/@libriciel/ls-bootstrap-4/-/ls-bootstrap-4-0.0.292220.tgz",
          "integrity": "sha512-dmYoEWGQ02UGamoWO0CHK+fJvRGA7QnxXaiHFN45SgP8xMXcNWVQgb2p96b4bu8CkwnP5hVeV/y1+MGsW49s4Q==",
          "requires": {
            "bootstrap": "4.6.1",
            "jquery": "^3.6.0",
            "popper.js": "^1.16.1-lts"
          }
        },
        "popper.js": {
          "version": "1.16.1",
          "resolved": "https://registry.npmjs.org/popper.js/-/popper.js-1.16.1.tgz",
          "integrity": "sha512-Wb4p1J4zyFTbM+u6WuO4XstYx4Ky9Cewe4DWrel7B0w6VVICvPwdOpotjzcf6eD8TsckVnIMNONQyPIUFOUbCQ=="
        }
      }
    },
    "@libriciel/ls-jquery-password": {
      "version": "1.2.3",
      "resolved": "https://registry.npmjs.org/@libriciel/ls-jquery-password/-/ls-jquery-password-1.2.3.tgz",
      "integrity": "sha512-1lUu5+/ShEejujcVtrqiH6WV1C+WI0IlJ+/nzWldK81NX0OqvX4nirPnjZUYN/WX/83/Db5B/bgIhHvrKvb3gw==",
      "requires": {
        "jquery": "^3.6.0"
      }
    },
    "bootstrap": {
      "version": "4.6.1",
      "resolved": "https://registry.npmjs.org/bootstrap/-/bootstrap-4.6.1.tgz",
      "integrity": "sha512-0dj+VgI9Ecom+rvvpNZ4MUZJz8dcX7WCX+eTID9+/8HgOkv3dsRzi8BGeZJCQU6flWQVYxwTQnEZFrmJSEO7og=="
    },
    "components-jqueryui": {
      "version": "1.12.1",
      "resolved": "https://registry.npmjs.org/components-jqueryui/-/components-jqueryui-1.12.1.tgz",
      "integrity": "sha1-YXB28SjzvkwmXz4ttQRx75bNnO4="
    },
    "fork-awesome": {
      "version": "1.2.0",
      "resolved": "https://registry.npmjs.org/fork-awesome/-/fork-awesome-1.2.0.tgz",
      "integrity": "sha512-MNwTBnnudMIweHfDtTY8TeR5fxIAZ2w9o8ITn5XDySqdxa4k5AH8IuAMa89RVxDxgPNlosZxqkFKN5UmHXuYSw=="
    },
    "hierarchy-select": {
      "version": "2.3.0",
      "resolved": "https://registry.npmjs.org/hierarchy-select/-/hierarchy-select-2.3.0.tgz",
      "integrity": "sha512-5CiZYKmNeHoPfHxUzJBpA0JDgadv6Q0JzJGh+OBY4uR4+AQDeB8XF6e1YjVeqq6tK4PrqivA30ApZa4loJ5ndg=="
    },
    "jquery": {
      "version": "3.7.0",
      "resolved": "https://registry.npmjs.org/jquery/-/jquery-3.7.0.tgz",
      "integrity": "sha512-umpJ0/k8X0MvD1ds0P9SfowREz2LenHsQaxSohMZ5OMNEU2r0tf8pdeEFTHMFxWVxKNyU9rTtK3CWzUCTKJUeQ=="
    },
    "popper.js": {
      "version": "1.16.1",
      "resolved": "https://registry.npmjs.org/popper.js/-/popper.js-1.16.1.tgz",
      "integrity": "sha512-Wb4p1J4zyFTbM+u6WuO4XstYx4Ky9Cewe4DWrel7B0w6VVICvPwdOpotjzcf6eD8TsckVnIMNONQyPIUFOUbCQ=="
    },
    "select2": {
      "version": "4.0.13",
      "resolved": "https://registry.npmjs.org/select2/-/select2-4.0.13.tgz",
      "integrity": "sha512-1JeB87s6oN/TDxQQYCvS5EFoQyvV6eYMZZ0AeA4tdFDYWN3BAGZ8npr17UBFddU0lgAt3H0yjX3X6/ekOj1yjw=="
    },
    "tslib": {
      "version": "2.3.1",
      "resolved": "https://registry.npmjs.org/tslib/-/tslib-2.3.1.tgz",
      "integrity": "sha512-77EbyPPpMz+FRFRuAFlWMtmgUWGe9UOG2Z25NqCwiIjRhOf5iKGuzSe5P2w1laq+FkRy4p+PCuVkJSGkzTEKVw=="
    }
  }
}
