{
  "name": "pastell",
  "version": "3.1.0",
  "lockfileVersion": 2,
  "requires": true,
  "packages": {
    "": {
      "name": "pastell",
      "version": "3.1.0",
      "license": "AGPL-3.0-only",
      "dependencies": {
        "@flowjs/flow.js": "^2.14.1",
        "@libriciel/ls-composants": "15.0.4",
        "@libriciel/ls-jquery-password": "1.2.3",
        "bootstrap": "^5.3.2",
        "components-jqueryui": "^1.12.1",
        "fork-awesome": "^1.2.0",
        "jquery": "^3.7.0",
        "select2": "^4.0.13",
        "treeselectjs": "^0.10.0"
      }
    },
    "node_modules/@flowjs/flow.js": {
      "version": "2.14.1",
      "resolved": "https://registry.npmjs.org/@flowjs/flow.js/-/flow.js-2.14.1.tgz",
      "integrity": "sha512-99DWlPnksOOS8uHfo+bhSjvs8d2MfLTB/22JBDC2ONwz/OCdP+gL/iiM4puMSTE2wH4A2/+J0eMc7pKwusXunw=="
    },
    "node_modules/@fortawesome/angular-fontawesome": {
      "version": "0.12.1",
      "resolved": "https://registry.npmjs.org/@fortawesome/angular-fontawesome/-/angular-fontawesome-0.12.1.tgz",
      "integrity": "sha512-vGGUfmWhsCtC+wUhnLXPeWBod33XKMFERwvD21LTbVBOCwUDUfwcS9nqfTmrULcpFl/bn20REZH/1vSreWd3ZA==",
      "dependencies": {
        "tslib": "^2.4.1"
      },
      "peerDependencies": {
        "@angular/core": "^15.0.0",
        "@fortawesome/fontawesome-svg-core": "~1.2.27 || ~1.3.0-beta2 || ^6.1.0"
      }
    },
    "node_modules/@fortawesome/fontawesome-common-types": {
      "version": "6.4.2",
      "resolved": "https://registry.npmjs.org/@fortawesome/fontawesome-common-types/-/fontawesome-common-types-6.4.2.tgz",
      "integrity": "sha512-1DgP7f+XQIJbLFCTX1V2QnxVmpLdKdzzo2k8EmvDOePfchaIGQ9eCHj2up3/jNEbZuBqel5OxiaOJf37TWauRA==",
      "hasInstallScript": true,
      "engines": {
        "node": ">=6"
      }
    },
    "node_modules/@fortawesome/fontawesome-svg-core": {
      "version": "6.4.2",
      "resolved": "https://registry.npmjs.org/@fortawesome/fontawesome-svg-core/-/fontawesome-svg-core-6.4.2.tgz",
      "integrity": "sha512-gjYDSKv3TrM2sLTOKBc5rH9ckje8Wrwgx1CxAPbN5N3Fm4prfi7NsJVWd1jklp7i5uSCVwhZS5qlhMXqLrpAIg==",
      "hasInstallScript": true,
      "dependencies": {
        "@fortawesome/fontawesome-common-types": "6.4.2"
      },
      "engines": {
        "node": ">=6"
      }
    },
    "node_modules/@fortawesome/free-brands-svg-icons": {
      "version": "6.4.2",
      "resolved": "https://registry.npmjs.org/@fortawesome/free-brands-svg-icons/-/free-brands-svg-icons-6.4.2.tgz",
      "integrity": "sha512-LKOwJX0I7+mR/cvvf6qIiqcERbdnY+24zgpUSouySml+5w8B4BJOx8EhDR/FTKAu06W12fmUIcv6lzPSwYKGGg==",
      "hasInstallScript": true,
      "dependencies": {
        "@fortawesome/fontawesome-common-types": "6.4.2"
      },
      "engines": {
        "node": ">=6"
      }
    },
    "node_modules/@fortawesome/free-regular-svg-icons": {
      "version": "6.4.2",
      "resolved": "https://registry.npmjs.org/@fortawesome/free-regular-svg-icons/-/free-regular-svg-icons-6.4.2.tgz",
      "integrity": "sha512-0+sIUWnkgTVVXVAPQmW4vxb9ZTHv0WstOa3rBx9iPxrrrDH6bNLsDYuwXF9b6fGm+iR7DKQvQshUH/FJm3ed9Q==",
      "hasInstallScript": true,
      "dependencies": {
        "@fortawesome/fontawesome-common-types": "6.4.2"
      },
      "engines": {
        "node": ">=6"
      }
    },
    "node_modules/@fortawesome/free-solid-svg-icons": {
      "version": "6.4.2",
      "resolved": "https://registry.npmjs.org/@fortawesome/free-solid-svg-icons/-/free-solid-svg-icons-6.4.2.tgz",
      "integrity": "sha512-sYwXurXUEQS32fZz9hVCUUv/xu49PEJEyUOsA51l6PU/qVgfbTb2glsTEaJngVVT8VqBATRIdh7XVgV1JF1LkA==",
      "hasInstallScript": true,
      "dependencies": {
        "@fortawesome/fontawesome-common-types": "6.4.2"
      },
      "engines": {
        "node": ">=6"
      }
    },
    "node_modules/@libriciel/ls-bootstrap-5": {
      "version": "1.0.4",
      "resolved": "https://registry.npmjs.org/@libriciel/ls-bootstrap-5/-/ls-bootstrap-5-1.0.4.tgz",
      "integrity": "sha512-NRLfCz4CXl3kvVqT0CkqjM1z33wXuRZb6vn0sBesN6HWNqkjewv2I/AGIbZD+Sw36rJCV2xZOq35NzQtjQ3N+g==",
      "dependencies": {
        "bootstrap": "5.2.0",
        "jquery": "^3.6.1"
      }
    },
    "node_modules/@libriciel/ls-bootstrap-5/node_modules/bootstrap": {
      "version": "5.2.0",
      "resolved": "https://registry.npmjs.org/bootstrap/-/bootstrap-5.2.0.tgz",
      "integrity": "sha512-qlnS9GL6YZE6Wnef46GxGv1UpGGzAwO0aPL1yOjzDIJpeApeMvqV24iL+pjr2kU4dduoBA9fINKWKgMToobx9A==",
      "funding": [
        {
          "type": "github",
          "url": "https://github.com/sponsors/twbs"
        },
        {
          "type": "opencollective",
          "url": "https://opencollective.com/bootstrap"
        }
      ],
      "peerDependencies": {
        "@popperjs/core": "^2.11.5"
      }
    },
    "node_modules/@libriciel/ls-composants": {
      "version": "15.0.4",
      "resolved": "https://registry.npmjs.org/@libriciel/ls-composants/-/ls-composants-15.0.4.tgz",
      "integrity": "sha512-w0wTqJZ8LesUB6dRrC++YxK1KYxALxwJgUqzinTUUwpUQKLqhknx7g5Vpz4S33Y+Br1CiRKcpTcY26vWdRuUXQ==",
      "dependencies": {
        "@fortawesome/angular-fontawesome": "~0.12.1",
        "@fortawesome/fontawesome-svg-core": "^6.2.1",
        "@fortawesome/free-brands-svg-icons": "^6.2.1",
        "@fortawesome/free-regular-svg-icons": "^6.2.1",
        "@fortawesome/free-solid-svg-icons": "^6.2.1",
        "@libriciel/ls-bootstrap-5": "1.0.4",
        "tslib": "^2.3.0"
      },
      "peerDependencies": {
        "@angular/animations": "^15.2.9",
        "@angular/cdk": "^15.2.9",
        "@angular/common": "^15.2.9",
        "@angular/core": "^15.2.9",
        "@ng-bootstrap/ng-bootstrap": "14.2.0",
        "bootstrap": "5.2.3"
      }
    },
    "node_modules/@libriciel/ls-jquery-password": {
      "version": "1.2.3",
      "resolved": "https://registry.npmjs.org/@libriciel/ls-jquery-password/-/ls-jquery-password-1.2.3.tgz",
      "integrity": "sha512-1lUu5+/ShEejujcVtrqiH6WV1C+WI0IlJ+/nzWldK81NX0OqvX4nirPnjZUYN/WX/83/Db5B/bgIhHvrKvb3gw==",
      "dependencies": {
        "jquery": "^3.6.0"
      }
    },
    "node_modules/bootstrap": {
      "version": "5.3.2",
      "resolved": "https://registry.npmjs.org/bootstrap/-/bootstrap-5.3.2.tgz",
      "integrity": "sha512-D32nmNWiQHo94BKHLmOrdjlL05q1c8oxbtBphQFb9Z5to6eGRDCm0QgeaZ4zFBHzfg2++rqa2JkqCcxDy0sH0g==",
      "funding": [
        {
          "type": "github",
          "url": "https://github.com/sponsors/twbs"
        },
        {
          "type": "opencollective",
          "url": "https://opencollective.com/bootstrap"
        }
      ],
      "peerDependencies": {
        "@popperjs/core": "^2.11.8"
      }
    },
    "node_modules/components-jqueryui": {
      "version": "1.12.1",
      "resolved": "https://registry.npmjs.org/components-jqueryui/-/components-jqueryui-1.12.1.tgz",
      "integrity": "sha512-efkkM1OzVyxMiyZRB+eu3fhweE3T2fGs2Syia8A6l38sfB0Y8MRvYENhVS3UO21Gel93nt2HZiv+zsV8/4y83w=="
    },
    "node_modules/fork-awesome": {
      "version": "1.2.0",
      "resolved": "https://registry.npmjs.org/fork-awesome/-/fork-awesome-1.2.0.tgz",
      "integrity": "sha512-MNwTBnnudMIweHfDtTY8TeR5fxIAZ2w9o8ITn5XDySqdxa4k5AH8IuAMa89RVxDxgPNlosZxqkFKN5UmHXuYSw==",
      "engines": {
        "node": ">=0.10.3"
      }
    },
    "node_modules/jquery": {
      "version": "3.7.1",
      "resolved": "https://registry.npmjs.org/jquery/-/jquery-3.7.1.tgz",
      "integrity": "sha512-m4avr8yL8kmFN8psrbFFFmB/If14iN5o9nw/NgnnM+kybDJpRsAynV2BsfpTYrTRysYUdADVD7CkUUizgkpLfg=="
    },
    "node_modules/select2": {
      "version": "4.0.13",
      "resolved": "https://registry.npmjs.org/select2/-/select2-4.0.13.tgz",
      "integrity": "sha512-1JeB87s6oN/TDxQQYCvS5EFoQyvV6eYMZZ0AeA4tdFDYWN3BAGZ8npr17UBFddU0lgAt3H0yjX3X6/ekOj1yjw=="
    },
    "node_modules/treeselectjs": {
      "version": "0.10.0",
      "resolved": "https://registry.npmjs.org/treeselectjs/-/treeselectjs-0.10.0.tgz",
      "integrity": "sha512-jImo5u/Lf5vmg+AdYoamiI0dTdHKsNo0K57G+e27VgQM1SlJK3U0WCCvoWSuKhiDXOPJE0H/2GeB2f/JvDsqOg=="
    },
    "node_modules/tslib": {
      "version": "2.6.2",
      "resolved": "https://registry.npmjs.org/tslib/-/tslib-2.6.2.tgz",
      "integrity": "sha512-AEYxH93jGFPn/a2iVAwW87VuUIkR1FVUKB77NwMF7nBTDkDrrT/Hpt/IrCJ0QXhW27jTBDcf5ZY7w6RiqTMw2Q=="
    }
  },
  "dependencies": {
    "@flowjs/flow.js": {
      "version": "2.14.1",
      "resolved": "https://registry.npmjs.org/@flowjs/flow.js/-/flow.js-2.14.1.tgz",
      "integrity": "sha512-99DWlPnksOOS8uHfo+bhSjvs8d2MfLTB/22JBDC2ONwz/OCdP+gL/iiM4puMSTE2wH4A2/+J0eMc7pKwusXunw=="
    },
    "@fortawesome/angular-fontawesome": {
      "version": "0.12.1",
      "resolved": "https://registry.npmjs.org/@fortawesome/angular-fontawesome/-/angular-fontawesome-0.12.1.tgz",
      "integrity": "sha512-vGGUfmWhsCtC+wUhnLXPeWBod33XKMFERwvD21LTbVBOCwUDUfwcS9nqfTmrULcpFl/bn20REZH/1vSreWd3ZA==",
      "requires": {
        "tslib": "^2.4.1"
      }
    },
    "@fortawesome/fontawesome-common-types": {
      "version": "6.4.2",
      "resolved": "https://registry.npmjs.org/@fortawesome/fontawesome-common-types/-/fontawesome-common-types-6.4.2.tgz",
      "integrity": "sha512-1DgP7f+XQIJbLFCTX1V2QnxVmpLdKdzzo2k8EmvDOePfchaIGQ9eCHj2up3/jNEbZuBqel5OxiaOJf37TWauRA=="
    },
    "@fortawesome/fontawesome-svg-core": {
      "version": "6.4.2",
      "resolved": "https://registry.npmjs.org/@fortawesome/fontawesome-svg-core/-/fontawesome-svg-core-6.4.2.tgz",
      "integrity": "sha512-gjYDSKv3TrM2sLTOKBc5rH9ckje8Wrwgx1CxAPbN5N3Fm4prfi7NsJVWd1jklp7i5uSCVwhZS5qlhMXqLrpAIg==",
      "requires": {
        "@fortawesome/fontawesome-common-types": "6.4.2"
      }
    },
    "@fortawesome/free-brands-svg-icons": {
      "version": "6.4.2",
      "resolved": "https://registry.npmjs.org/@fortawesome/free-brands-svg-icons/-/free-brands-svg-icons-6.4.2.tgz",
      "integrity": "sha512-LKOwJX0I7+mR/cvvf6qIiqcERbdnY+24zgpUSouySml+5w8B4BJOx8EhDR/FTKAu06W12fmUIcv6lzPSwYKGGg==",
      "requires": {
        "@fortawesome/fontawesome-common-types": "6.4.2"
      }
    },
    "@fortawesome/free-regular-svg-icons": {
      "version": "6.4.2",
      "resolved": "https://registry.npmjs.org/@fortawesome/free-regular-svg-icons/-/free-regular-svg-icons-6.4.2.tgz",
      "integrity": "sha512-0+sIUWnkgTVVXVAPQmW4vxb9ZTHv0WstOa3rBx9iPxrrrDH6bNLsDYuwXF9b6fGm+iR7DKQvQshUH/FJm3ed9Q==",
      "requires": {
        "@fortawesome/fontawesome-common-types": "6.4.2"
      }
    },
    "@fortawesome/free-solid-svg-icons": {
      "version": "6.4.2",
      "resolved": "https://registry.npmjs.org/@fortawesome/free-solid-svg-icons/-/free-solid-svg-icons-6.4.2.tgz",
      "integrity": "sha512-sYwXurXUEQS32fZz9hVCUUv/xu49PEJEyUOsA51l6PU/qVgfbTb2glsTEaJngVVT8VqBATRIdh7XVgV1JF1LkA==",
      "requires": {
        "@fortawesome/fontawesome-common-types": "6.4.2"
      }
    },
    "@libriciel/ls-bootstrap-5": {
      "version": "1.0.4",
      "resolved": "https://registry.npmjs.org/@libriciel/ls-bootstrap-5/-/ls-bootstrap-5-1.0.4.tgz",
      "integrity": "sha512-NRLfCz4CXl3kvVqT0CkqjM1z33wXuRZb6vn0sBesN6HWNqkjewv2I/AGIbZD+Sw36rJCV2xZOq35NzQtjQ3N+g==",
      "requires": {
        "bootstrap": "5.2.0",
        "jquery": "^3.6.1"
      },
      "dependencies": {
        "bootstrap": {
          "version": "5.2.0",
          "resolved": "https://registry.npmjs.org/bootstrap/-/bootstrap-5.2.0.tgz",
          "integrity": "sha512-qlnS9GL6YZE6Wnef46GxGv1UpGGzAwO0aPL1yOjzDIJpeApeMvqV24iL+pjr2kU4dduoBA9fINKWKgMToobx9A==",
          "requires": {}
        }
      }
    },
    "@libriciel/ls-composants": {
      "version": "15.0.4",
      "resolved": "https://registry.npmjs.org/@libriciel/ls-composants/-/ls-composants-15.0.4.tgz",
      "integrity": "sha512-w0wTqJZ8LesUB6dRrC++YxK1KYxALxwJgUqzinTUUwpUQKLqhknx7g5Vpz4S33Y+Br1CiRKcpTcY26vWdRuUXQ==",
      "requires": {
        "@fortawesome/angular-fontawesome": "~0.12.1",
        "@fortawesome/fontawesome-svg-core": "^6.2.1",
        "@fortawesome/free-brands-svg-icons": "^6.2.1",
        "@fortawesome/free-regular-svg-icons": "^6.2.1",
        "@fortawesome/free-solid-svg-icons": "^6.2.1",
        "@libriciel/ls-bootstrap-5": "1.0.4",
        "tslib": "^2.3.0"
      }
    },
    "@libriciel/ls-jquery-password": {
      "version": "1.2.3",
      "resolved": "https://registry.npmjs.org/@libriciel/ls-jquery-password/-/ls-jquery-password-1.2.3.tgz",
      "integrity": "sha512-1lUu5+/ShEejujcVtrqiH6WV1C+WI0IlJ+/nzWldK81NX0OqvX4nirPnjZUYN/WX/83/Db5B/bgIhHvrKvb3gw==",
      "requires": {
        "jquery": "^3.6.0"
      }
    },
    "bootstrap": {
      "version": "5.3.2",
      "resolved": "https://registry.npmjs.org/bootstrap/-/bootstrap-5.3.2.tgz",
      "integrity": "sha512-D32nmNWiQHo94BKHLmOrdjlL05q1c8oxbtBphQFb9Z5to6eGRDCm0QgeaZ4zFBHzfg2++rqa2JkqCcxDy0sH0g==",
      "requires": {}
    },
    "components-jqueryui": {
      "version": "1.12.1",
      "resolved": "https://registry.npmjs.org/components-jqueryui/-/components-jqueryui-1.12.1.tgz",
      "integrity": "sha512-efkkM1OzVyxMiyZRB+eu3fhweE3T2fGs2Syia8A6l38sfB0Y8MRvYENhVS3UO21Gel93nt2HZiv+zsV8/4y83w=="
    },
    "fork-awesome": {
      "version": "1.2.0",
      "resolved": "https://registry.npmjs.org/fork-awesome/-/fork-awesome-1.2.0.tgz",
      "integrity": "sha512-MNwTBnnudMIweHfDtTY8TeR5fxIAZ2w9o8ITn5XDySqdxa4k5AH8IuAMa89RVxDxgPNlosZxqkFKN5UmHXuYSw=="
    },
    "jquery": {
      "version": "3.7.1",
      "resolved": "https://registry.npmjs.org/jquery/-/jquery-3.7.1.tgz",
      "integrity": "sha512-m4avr8yL8kmFN8psrbFFFmB/If14iN5o9nw/NgnnM+kybDJpRsAynV2BsfpTYrTRysYUdADVD7CkUUizgkpLfg=="
    },
    "select2": {
      "version": "4.0.13",
      "resolved": "https://registry.npmjs.org/select2/-/select2-4.0.13.tgz",
      "integrity": "sha512-1JeB87s6oN/TDxQQYCvS5EFoQyvV6eYMZZ0AeA4tdFDYWN3BAGZ8npr17UBFddU0lgAt3H0yjX3X6/ekOj1yjw=="
    },
    "treeselectjs": {
      "version": "0.10.0",
      "resolved": "https://registry.npmjs.org/treeselectjs/-/treeselectjs-0.10.0.tgz",
      "integrity": "sha512-jImo5u/Lf5vmg+AdYoamiI0dTdHKsNo0K57G+e27VgQM1SlJK3U0WCCvoWSuKhiDXOPJE0H/2GeB2f/JvDsqOg=="
    },
    "tslib": {
      "version": "2.6.2",
      "resolved": "https://registry.npmjs.org/tslib/-/tslib-2.6.2.tgz",
      "integrity": "sha512-AEYxH93jGFPn/a2iVAwW87VuUIkR1FVUKB77NwMF7nBTDkDrrT/Hpt/IrCJ0QXhW27jTBDcf5ZY7w6RiqTMw2Q=="
    }
  }
}
