{
  "name": "pastell",
  "version": "3.1.0",
  "lockfileVersion": 1,
  "requires": true,
  "dependencies": {
    "@fortawesome/angular-fontawesome": {
      "version": "0.7.0",
      "resolved": "https://registry.npmjs.org/@fortawesome/angular-fontawesome/-/angular-fontawesome-0.7.0.tgz",
      "integrity": "sha512-U+eHYbKuVYrrm9SnIfl+z+6KTiI4Pu+S2OKh34JIi7C1jHhDcrVeDZISP/cpswHY7LWWDOPYeKE+yuWFlL4aVw==",
      "requires": {
        "tslib": "^2.0.0"
      }
    },
    "@fortawesome/fontawesome-common-types": {
      "version": "0.2.36",
      "resolved": "https://registry.npmjs.org/@fortawesome/fontawesome-common-types/-/fontawesome-common-types-0.2.36.tgz",
      "integrity": "sha512-a/7BiSgobHAgBWeN7N0w+lAhInrGxksn13uK7231n2m8EDPE3BMCl9NZLTGrj9ZXfCmC6LM0QLqXidIizVQ6yg=="
    },
    "@fortawesome/fontawesome-svg-core": {
      "version": "1.2.36",
      "resolved": "https://registry.npmjs.org/@fortawesome/fontawesome-svg-core/-/fontawesome-svg-core-1.2.36.tgz",
      "integrity": "sha512-YUcsLQKYb6DmaJjIHdDWpBIGCcyE/W+p/LMGvjQem55Mm2XWVAP5kWTMKWLv9lwpCVjpLxPyOMOyUocP1GxrtA==",
      "requires": {
        "@fortawesome/fontawesome-common-types": "^0.2.36"
      }
    },
    "@fortawesome/free-brands-svg-icons": {
      "version": "5.15.4",
      "resolved": "https://registry.npmjs.org/@fortawesome/free-brands-svg-icons/-/free-brands-svg-icons-5.15.4.tgz",
      "integrity": "sha512-f1witbwycL9cTENJegcmcZRYyawAFbm8+c6IirLmwbbpqz46wyjbQYLuxOc7weXFXfB7QR8/Vd2u5R3q6JYD9g==",
      "requires": {
        "@fortawesome/fontawesome-common-types": "^0.2.36"
      }
    },
    "@fortawesome/free-regular-svg-icons": {
      "version": "5.15.4",
      "resolved": "https://registry.npmjs.org/@fortawesome/free-regular-svg-icons/-/free-regular-svg-icons-5.15.4.tgz",
      "integrity": "sha512-9VNNnU3CXHy9XednJ3wzQp6SwNwT3XaM26oS4Rp391GsxVYA+0oDR2J194YCIWf7jNRCYKjUCOduxdceLrx+xw==",
      "requires": {
        "@fortawesome/fontawesome-common-types": "^0.2.36"
      }
    },
    "@fortawesome/free-solid-svg-icons": {
      "version": "5.15.4",
      "resolved": "https://registry.npmjs.org/@fortawesome/free-solid-svg-icons/-/free-solid-svg-icons-5.15.4.tgz",
      "integrity": "sha512-JLmQfz6tdtwxoihXLg6lT78BorrFyCf59SAwBM6qV/0zXyVeDygJVb3fk+j5Qat+Yvcxp1buLTY5iDh1ZSAQ8w==",
      "requires": {
        "@fortawesome/fontawesome-common-types": "^0.2.36"
      }
    },
    "@libriciel/ls-bootstrap-4": {
      "version": "0.0.130684",
      "resolved": "https://registry.npmjs.org/@libriciel/ls-bootstrap-4/-/ls-bootstrap-4-0.0.130684.tgz",
      "integrity": "sha512-FKf9rvqiUd7a4KF8FwIwqLkPUL4nyQ4Wp3+Jux6HQXljHEE9xXAt5o4B5fb24r74j/2NOiNM27BhUN9kCZoVqg==",
      "requires": {
        "bootstrap": "4.3.1",
        "jquery": "3.3.1",
        "popper.js": "1.14.6"
      },
      "dependencies": {
        "bootstrap": {
          "version": "4.3.1",
          "resolved": "https://registry.npmjs.org/bootstrap/-/bootstrap-4.3.1.tgz",
          "integrity": "sha512-rXqOmH1VilAt2DyPzluTi2blhk17bO7ef+zLLPlWvG494pDxcM234pJ8wTc/6R40UWizAIIMgxjvxZg5kmsbag=="
        },
        "jquery": {
          "version": "3.3.1",
          "resolved": "https://registry.npmjs.org/jquery/-/jquery-3.3.1.tgz",
          "integrity": "sha512-Ubldcmxp5np52/ENotGxlLe6aGMvmF4R8S6tZjsP6Knsaxd/xp3Zrh50cG93lR6nPXyUFwzN3ZSOQI0wRJNdGg=="
        }
      }
    },
    "@libriciel/ls-composants": {
      "version": "10.6.0-48",
      "resolved": "https://registry.npmjs.org/@libriciel/ls-composants/-/ls-composants-10.6.0-48.tgz",
      "integrity": "sha512-/qmc4POW9Yr3l4O/KnhCV/MSkmp1Lgeg8h3HVSCfJx2FrvW1qanFQndXfRlJaKa39JI67ir8HlpqhOEf2oFpWA==",
      "requires": {
        "@fortawesome/angular-fontawesome": "~0.7.0",
        "@fortawesome/fontawesome-svg-core": "^1.2.36",
        "@fortawesome/free-brands-svg-icons": "^5.15.4",
        "@fortawesome/free-regular-svg-icons": "^5.15.4",
        "@fortawesome/free-solid-svg-icons": "^5.15.4",
        "@libriciel/ls-bootstrap-4": "^0.0.237412",
        "tslib": "^2.0.0"
      },
      "dependencies": {
        "@libriciel/ls-bootstrap-4": {
          "version": "0.0.237412",
          "resolved": "https://registry.npmjs.org/@libriciel/ls-bootstrap-4/-/ls-bootstrap-4-0.0.237412.tgz",
          "integrity": "sha512-BTMRtCGuH6HLBLcxmphuz9fnsOFoA4c6gCcDZYn0eRsG0Les7ScYymOFjTUEU7uS9IyduKX4jZ2usWSjmVYL8w==",
          "requires": {
            "bootstrap": "4.5.3",
            "jquery": "3.5.1",
            "popper.js": "1.16.1"
          }
        },
        "bootstrap": {
          "version": "4.5.3",
          "resolved": "https://registry.npmjs.org/bootstrap/-/bootstrap-4.5.3.tgz",
          "integrity": "sha512-o9ppKQioXGqhw8Z7mah6KdTYpNQY//tipnkxppWhPbiSWdD+1raYsnhwEZjkTHYbGee4cVQ0Rx65EhOY/HNLcQ=="
        },
        "jquery": {
          "version": "3.5.1",
          "resolved": "https://registry.npmjs.org/jquery/-/jquery-3.5.1.tgz",
          "integrity": "sha512-XwIBPqcMn57FxfT+Go5pzySnm4KWkT1Tv7gjrpT1srtf8Weynl6R273VJ5GjkRb51IzMp5nbaPjJXMWeju2MKg=="
        },
        "popper.js": {
          "version": "1.16.1",
          "resolved": "https://registry.npmjs.org/popper.js/-/popper.js-1.16.1.tgz",
          "integrity": "sha512-Wb4p1J4zyFTbM+u6WuO4XstYx4Ky9Cewe4DWrel7B0w6VVICvPwdOpotjzcf6eD8TsckVnIMNONQyPIUFOUbCQ=="
        }
      }
    },
    "@libriciel/ls-jquery-password": {
      "version": "1.2.3",
      "resolved": "https://registry.npmjs.org/@libriciel/ls-jquery-password/-/ls-jquery-password-1.2.3.tgz",
      "integrity": "sha512-1lUu5+/ShEejujcVtrqiH6WV1C+WI0IlJ+/nzWldK81NX0OqvX4nirPnjZUYN/WX/83/Db5B/bgIhHvrKvb3gw==",
      "requires": {
        "jquery": "^3.6.0"
      }
    },
    "bootstrap": {
      "version": "4.6.1",
      "resolved": "https://registry.npmjs.org/bootstrap/-/bootstrap-4.6.1.tgz",
      "integrity": "sha512-0dj+VgI9Ecom+rvvpNZ4MUZJz8dcX7WCX+eTID9+/8HgOkv3dsRzi8BGeZJCQU6flWQVYxwTQnEZFrmJSEO7og=="
    },
    "components-jqueryui": {
      "version": "1.12.1",
      "resolved": "https://registry.npmjs.org/components-jqueryui/-/components-jqueryui-1.12.1.tgz",
      "integrity": "sha1-YXB28SjzvkwmXz4ttQRx75bNnO4="
    },
    "fork-awesome": {
      "version": "1.2.0",
      "resolved": "https://registry.npmjs.org/fork-awesome/-/fork-awesome-1.2.0.tgz",
      "integrity": "sha512-MNwTBnnudMIweHfDtTY8TeR5fxIAZ2w9o8ITn5XDySqdxa4k5AH8IuAMa89RVxDxgPNlosZxqkFKN5UmHXuYSw=="
    },
    "jquery": {
      "version": "3.6.0",
      "resolved": "https://registry.npmjs.org/jquery/-/jquery-3.6.0.tgz",
      "integrity": "sha512-JVzAR/AjBvVt2BmYhxRCSYysDsPcssdmTFnzyLEts9qNwmjmu4JTAMYubEfwVOSwpQ1I1sKKFcxhZCI2buerfw=="
    },
    "popper.js": {
      "version": "1.14.6",
      "resolved": "https://registry.npmjs.org/popper.js/-/popper.js-1.14.6.tgz",
      "integrity": "sha512-AGwHGQBKumlk/MDfrSOf0JHhJCImdDMcGNoqKmKkU+68GFazv3CQ6q9r7Ja1sKDZmYWTckY/uLyEznheTDycnA=="
    },
    "select2": {
      "version": "4.0.13",
      "resolved": "https://registry.npmjs.org/select2/-/select2-4.0.13.tgz",
      "integrity": "sha512-1JeB87s6oN/TDxQQYCvS5EFoQyvV6eYMZZ0AeA4tdFDYWN3BAGZ8npr17UBFddU0lgAt3H0yjX3X6/ekOj1yjw=="
    },
    "tslib": {
      "version": "2.3.1",
      "resolved": "https://registry.npmjs.org/tslib/-/tslib-2.3.1.tgz",
      "integrity": "sha512-77EbyPPpMz+FRFRuAFlWMtmgUWGe9UOG2Z25NqCwiIjRhOf5iKGuzSe5P2w1laq+FkRy4p+PCuVkJSGkzTEKVw=="
    }
  }
}
